
Microsoft Visual Studio Solution File, Format Version 12.00
# Visual Studio Version 17
VisualStudioVersion = 17.7.34202.233
MinimumVisualStudioVersion = 10.0.40219.1
Project("{FAE04EC0-301F-11D3-BF4B-00C04F79EFBC}") = "01_MainSubjects", "01_MainSubjects\01_MainSubjects.csproj", "{F2296CAB-DEC0-4CEF-A8D4-5EDDCDC0BB04}"
EndProject
Project("{FAE04EC0-301F-11D3-BF4B-00C04F79EFBC}") = "02_Variables", "02_Variables\02_Variables.csproj", "{976A6A3E-DCDE-4BD5-A897-B8588D493904}"
EndProject
Project("{FAE04EC0-301F-11D3-BF4B-00C04F79EFBC}") = "03_MakingDecision", "03_MakingDecision\03_MakingDecision.csproj", "{83F258B0-498C-42E1-BF0A-309BDE37147A}"
EndProject
Project("{FAE04EC0-301F-11D3-BF4B-00C04F79EFBC}") = "04_Loops", "04_Loops\04_Loops.csproj", "{1DACD3A8-5DB7-4C1B-A572-CAFAED85E245}"
EndProject
Project("{FAE04EC0-301F-11D3-BF4B-00C04F79EFBC}") = "05_LoopsWithStars", "05_LoopsWithStars\05_LoopsWithStars.csproj", "{214C1562-3AC4-44C2-BC40-C2FB0D75B788}"
EndProject
Project("{FAE04EC0-301F-11D3-BF4B-00C04F79EFBC}") = "06_Arrays", "06_Arrays\06_Arrays.csproj", "{25301932-3159-4C57-A6CD-222B4BC5DC4F}"
EndProject
Project("{FAE04EC0-301F-11D3-BF4B-00C04F79EFBC}") = "07_ForeachLoop", "07_ForeachLoop\07_ForeachLoop.csproj", "{0C7C38E1-B96B-4AE6-889A-BFCE0824AF6C}"
EndProject
Project("{FAE04EC0-301F-11D3-BF4B-00C04F79EFBC}") = "08_Methods", "08_Methods\08_Methods.csproj", "{DF2FFC3F-2784-4F3E-AFDD-A24933588750}"
EndProject
Project("{FAE04EC0-301F-11D3-BF4B-00C04F79EFBC}") = "09_DatabaseProject", "09_DatabaseProject\09_DatabaseProject.csproj", "{49F15E07-FD0E-4394-B8C2-D8C279795EF8}"
EndProject
Global
	GlobalSection(SolutionConfigurationPlatforms) = preSolution
		Debug|Any CPU = Debug|Any CPU
		Release|Any CPU = Release|Any CPU
	EndGlobalSection
	GlobalSection(ProjectConfigurationPlatforms) = postSolution
		{F2296CAB-DEC0-4CEF-A8D4-5EDDCDC0BB04}.Debug|Any CPU.ActiveCfg = Debug|Any CPU
		{F2296CAB-DEC0-4CEF-A8D4-5EDDCDC0BB04}.Debug|Any CPU.Build.0 = Debug|Any CPU
		{F2296CAB-DEC0-4CEF-A8D4-5EDDCDC0BB04}.Release|Any CPU.ActiveCfg = Release|Any CPU
		{F2296CAB-DEC0-4CEF-A8D4-5EDDCDC0BB04}.Release|Any CPU.Build.0 = Release|Any CPU
		{976A6A3E-DCDE-4BD5-A897-B8588D493904}.Debug|Any CPU.ActiveCfg = Debug|Any CPU
		{976A6A3E-DCDE-4BD5-A897-B8588D493904}.Debug|Any CPU.Build.0 = Debug|Any CPU
		{976A6A3E-DCDE-4BD5-A897-B8588D493904}.Release|Any CPU.ActiveCfg = Release|Any CPU
		{976A6A3E-DCDE-4BD5-A897-B8588D493904}.Release|Any CPU.Build.0 = Release|Any CPU
		{83F258B0-498C-42E1-BF0A-309BDE37147A}.Debug|Any CPU.ActiveCfg = Debug|Any CPU
		{83F258B0-498C-42E1-BF0A-309BDE37147A}.Debug|Any CPU.Build.0 = Debug|Any CPU
		{83F258B0-498C-42E1-BF0A-309BDE37147A}.Release|Any CPU.ActiveCfg = Release|Any CPU
		{83F258B0-498C-42E1-BF0A-309BDE37147A}.Release|Any CPU.Build.0 = Release|Any CPU
		{1DACD3A8-5DB7-4C1B-A572-CAFAED85E245}.Debug|Any CPU.ActiveCfg = Debug|Any CPU
		{1DACD3A8-5DB7-4C1B-A572-CAFAED85E245}.Debug|Any CPU.Build.0 = Debug|Any CPU
		{1DACD3A8-5DB7-4C1B-A572-CAFAED85E245}.Release|Any CPU.ActiveCfg = Release|Any CPU
		{1DACD3A8-5DB7-4C1B-A572-CAFAED85E245}.Release|Any CPU.Build.0 = Release|Any CPU
		{214C1562-3AC4-44C2-BC40-C2FB0D75B788}.Debug|Any CPU.ActiveCfg = Debug|Any CPU
		{214C1562-3AC4-44C2-BC40-C2FB0D75B788}.Debug|Any CPU.Build.0 = Debug|Any CPU
		{214C1562-3AC4-44C2-BC40-C2FB0D75B788}.Release|Any CPU.ActiveCfg = Release|Any CPU
		{214C1562-3AC4-44C2-BC40-C2FB0D75B788}.Release|Any CPU.Build.0 = Release|Any CPU
		{25301932-3159-4C57-A6CD-222B4BC5DC4F}.Debug|Any CPU.ActiveCfg = Debug|Any CPU
		{25301932-3159-4C57-A6CD-222B4BC5DC4F}.Debug|Any CPU.Build.0 = Debug|Any CPU
		{25301932-3159-4C57-A6CD-222B4BC5DC4F}.Release|Any CPU.ActiveCfg = Release|Any CPU
		{25301932-3159-4C57-A6CD-222B4BC5DC4F}.Release|Any CPU.Build.0 = Release|Any CPU
		{0C7C38E1-B96B-4AE6-889A-BFCE0824AF6C}.Debug|Any CPU.ActiveCfg = Debug|Any CPU
		{0C7C38E1-B96B-4AE6-889A-BFCE0824AF6C}.Debug|Any CPU.Build.0 = Debug|Any CPU
		{0C7C38E1-B96B-4AE6-889A-BFCE0824AF6C}.Release|Any CPU.ActiveCfg = Release|Any CPU
		{0C7C38E1-B96B-4AE6-889A-BFCE0824AF6C}.Release|Any CPU.Build.0 = Release|Any CPU
		{DF2FFC3F-2784-4F3E-AFDD-A24933588750}.Debug|Any CPU.ActiveCfg = Debug|Any CPU
		{DF2FFC3F-2784-4F3E-AFDD-A24933588750}.Debug|Any CPU.Build.0 = Debug|Any CPU
		{DF2FFC3F-2784-4F3E-AFDD-A24933588750}.Release|Any CPU.ActiveCfg = Release|Any CPU
		{DF2FFC3F-2784-4F3E-AFDD-A24933588750}.Release|Any CPU.Build.0 = Release|Any CPU
		{49F15E07-FD0E-4394-B8C2-D8C279795EF8}.Debug|Any CPU.ActiveCfg = Debug|Any CPU
		{49F15E07-FD0E-4394-B8C2-D8C279795EF8}.Debug|Any CPU.Build.0 = Debug|Any CPU
		{49F15E07-FD0E-4394-B8C2-D8C279795EF8}.Release|Any CPU.ActiveCfg = Release|Any CPU
		{49F15E07-FD0E-4394-B8C2-D8C279795EF8}.Release|Any CPU.Build.0 = Release|Any CPU
	EndGlobalSection
	GlobalSection(SolutionProperties) = preSolution
		HideSolutionNode = FALSE
	EndGlobalSection
	GlobalSection(ExtensibilityGlobals) = postSolution
		SolutionGuid = {F8151A58-791E-41DB-90A4-1890CD20F23D}
	EndGlobalSection
EndGlobal
